<?xml version="1.0" encoding="utf-8"?>
<Project ToolsVersion="4.0" xmlns="http://schemas.microsoft.com/developer/msbuild/2003">
  <ItemGroup>
    <Filter Include="Source Files">
      <UniqueIdentifier>{4FC737F1-C7A5-4376-A066-2A32D752A2FF}</UniqueIdentifier>
      <Extensions>cpp;c;cc;cxx;c++;cppm;ixx;def;odl;idl;hpj;bat;asm;asmx</Extensions>
    </Filter>
    <Filter Include="Header Files">
      <UniqueIdentifier>{93995380-89BD-4b04-88EB-625FBE52EBFB}</UniqueIdentifier>
      <Extensions>h;hh;hpp;hxx;h++;hm;inl;inc;ipp;xsd</Extensions>
    </Filter>
    <Filter Include="Resource Files">
      <UniqueIdentifier>{67DA6AB6-F800-4c08-8B7A-83BB121AAD01}</UniqueIdentifier>
      <Extensions>rc;ico;cur;bmp;dlg;rc2;rct;bin;rgs;gif;jpg;jpeg;jpe;resx;tiff;tif;png;wav;mfcribbon-ms</Extensions>
    </Filter>
  </ItemGroup>
  <ItemGroup>
    <ClCompile Include="AdversarialOp.cpp">
      <Filter>Source Files</Filter>
    </ClCompile>
    <ClCompile Include="vgg.cpp">
      <Filter>Source Files</Filter>
    </ClCompile>
    <ClCompile Include="model1.cpp">
      <Filter>Source Files</Filter>
    </ClCompile>
    <ClCompile Include="model2.cpp">
      <Filter>Source Files</Filter>
    </ClCompile>
    <ClCompile Include="main.cpp">
      <Filter>Source Files</Filter>
    </ClCompile>
    <ClCompile Include="cartesian\Cartesian.cpp">
      <Filter>Source Files</Filter>
    </ClCompile>
    <ClCompile Include="cartesian\CartesianCrxHalfUniform.cpp">
      <Filter>Source Files</Filter>
    </ClCompile>
    <ClCompile Include="cartesian\CartesianCrxOnePoint.cpp">
      <Filter>Source Files</Filter>
    </ClCompile>
    <ClCompile Include="cartesian\CartesianCrxUniform.cpp">
      <Filter>Source Files</Filter>
    </ClCompile>
    <ClCompile Include="cartesian\FunctionSet.cpp">
      <Filter>Source Files</Filter>
    </ClCompile>
    <ClCompile Include="cartesian\MutConnection.cpp">
      <Filter>Source Files</Filter>
    </ClCompile>
    <ClCompile Include="cartesian\MutConnectionSilent.cpp">
      <Filter>Source Files</Filter>
    </ClCompile>
    <ClCompile Include="cartesian\MutFunction.cpp">
      <Filter>Source Files</Filter>
    </ClCompile>
    <ClCompile Include="cartesian\MutFunctionSilent.cpp">
      <Filter>Source Files</Filter>
    </ClCompile>
    <ClCompile Include="cartesian\MutFunctionSwap.cpp">
      <Filter>Source Files</Filter>
    </ClCompile>
    <ClCompile Include="cartesian\MutIntoSilent.cpp">
      <Filter>Source Files</Filter>
    </ClCompile>
    <ClCompile Include="utility\expression_evaluation.cpp">
      <Filter>Source Files</Filter>
    </ClCompile>
    <ClCompile Include="utility\fileparser.cpp">
      <Filter>Source Files</Filter>
    </ClCompile>
    <ClCompile Include="utility\measures.cpp">
      <Filter>Source Files</Filter>
    </ClCompile>
    <ClCompile Include="utility\utility.cpp">
      <Filter>Source Files</Filter>
    </ClCompile>
  </ItemGroup>
  <ItemGroup>
    <None Include="models\vgg.pt" />
    <None Include="models\net1.pt" />
    <None Include="data\mnist\t10k-images-idx3-ubyte" />
    <None Include="data\mnist\t10k-labels-idx1-ubyte" />
    <None Include="data\mnist\train-images-idx3-ubyte" />
    <None Include="data\mnist\train-labels-idx1-ubyte" />
  </ItemGroup>
  <ItemGroup>
    <ClInclude Include="AdversarialOp.h">
      <Filter>Header Files</Filter>
    </ClInclude>
    <ClInclude Include="Net.h">
      <Filter>Header Files</Filter>
    </ClInclude>
    <ClInclude Include="Mnist.h">
      <Filter>Header Files</Filter>
    </ClInclude>
    <ClInclude Include="cartesian\Add.h">
      <Filter>Header Files</Filter>
    </ClInclude>
    <ClInclude Include="cartesian\Cartesian.h">
      <Filter>Header Files</Filter>
    </ClInclude>
    <ClInclude Include="cartesian\CartesianCrxHalfUniform.h">
      <Filter>Header Files</Filter>
    </ClInclude>
    <ClInclude Include="cartesian\CartesianCrxOnePoint.h">
      <Filter>Header Files</Filter>
    </ClInclude>
    <ClInclude Include="cartesian\CartesianCrxUniform.h">
      <Filter>Header Files</Filter>
    </ClInclude>
    <ClInclude Include="cartesian\Cos.h">
      <Filter>Header Files</Filter>
    </ClInclude>
    <ClInclude Include="cartesian\Div.h">
      <Filter>Header Files</Filter>
    </ClInclude>
    <ClInclude Include="cartesian\Function.h">
      <Filter>Header Files</Filter>
    </ClInclude>
    <ClInclude Include="cartesian\FunctionSet.h">
      <Filter>Header Files</Filter>
    </ClInclude>
    <ClInclude Include="cartesian\Mul.h">
      <Filter>Header Files</Filter>
    </ClInclude>
    <ClInclude Include="cartesian\Sin.h">
      <Filter>Header Files</Filter>
    </ClInclude>
    <ClInclude Include="cartesian\Sqrt.h">
      <Filter>Header Files</Filter>
    </ClInclude>
    <ClInclude Include="cartesian\Step.h">
      <Filter>Header Files</Filter>
    </ClInclude>
    <ClInclude Include="cartesian\Sub.h">
      <Filter>Header Files</Filter>
    </ClInclude>
    <ClInclude Include="cartesian\Cartesian_genotype.h">
      <Filter>Header Files</Filter>
    </ClInclude>
    <ClInclude Include="cartesian\CartesianGene.h">
      <Filter>Header Files</Filter>
    </ClInclude>
    <ClInclude Include="cartesian\Ln.h">
      <Filter>Header Files</Filter>
    </ClInclude>
    <ClInclude Include="cartesian\Max.h">
      <Filter>Header Files</Filter>
    </ClInclude>
    <ClInclude Include="cartesian\Min.h">
      <Filter>Header Files</Filter>
    </ClInclude>
    <ClInclude Include="cartesian\MutConnection.h">
      <Filter>Header Files</Filter>
    </ClInclude>
    <ClInclude Include="cartesian\MutConnectionSilent.h">
      <Filter>Header Files</Filter>
    </ClInclude>
    <ClInclude Include="cartesian\MutFunction.h">
      <Filter>Header Files</Filter>
    </ClInclude>
    <ClInclude Include="cartesian\MutFunctionSilent.h">
      <Filter>Header Files</Filter>
    </ClInclude>
    <ClInclude Include="cartesian\MutFunctionSwap.h">
      <Filter>Header Files</Filter>
    </ClInclude>
    <ClInclude Include="cartesian\MutIntoSilent.h">
      <Filter>Header Files</Filter>
    </ClInclude>
    <ClInclude Include="cartesian\Neg.h">
      <Filter>Header Files</Filter>
    </ClInclude>
    <ClInclude Include="cartesian\Sq_exp.h">
      <Filter>Header Files</Filter>
    </ClInclude>
    <ClInclude Include="utility\expression_evaluation.h">
      <Filter>Header Files</Filter>
    </ClInclude>
    <ClInclude Include="utility\fileparser.h">
      <Filter>Header Files</Filter>
    </ClInclude>
    <ClInclude Include="utility\measures.h">
      <Filter>Header Files</Filter>
    </ClInclude>
    <ClInclude Include="utility\utility.h">
      <Filter>Header Files</Filter>
    </ClInclude>
    <ClInclude Include="utility\utilityrng.h">
      <Filter>Header Files</Filter>
    </ClInclude>
    <ClInclude Include="cartesian\Nop.h">
      <Filter>Header Files</Filter>
    </ClInclude>
    <ClInclude Include="cartesian\Avg.h">
      <Filter>Header Files</Filter>
    </ClInclude>
    <ClInclude Include="cartesian\Abs.h">
      <Filter>Header Files</Filter>
    </ClInclude>
    <ClInclude Include="cartesian\Ceil.h">
      <Filter>Header Files</Filter>
    </ClInclude>
    <ClInclude Include="cartesian\Floor.h">
      <Filter>Header Files</Filter>
    </ClInclude>
    <ClInclude Include="cartesian\Reciprical.h">
      <Filter>Header Files</Filter>
    </ClInclude>
    <ClInclude Include="cartesian\RSqrt.h">
      <Filter>Header Files</Filter>
    </ClInclude>
    <ClInclude Include="cartesian\Frac.h">
      <Filter>Header Files</Filter>
    </ClInclude>
    <ClInclude Include="cartesian\Sigm.h">
      <Filter>Header Files</Filter>
    </ClInclude>
    <ClInclude Include="cartesian\Ramp.h">
      <Filter>Header Files</Filter>
    </ClInclude>
  </ItemGroup>
  <ItemGroup>
    <Text Include="models\note.txt" />
    <Text Include="parameters.txt" />
    <Text Include="..\..\..\Python\LAB\noised.txt" />
    <Text Include="data\lenna.txt" />
    <Text Include="data\noised.txt" />
    <Text Include="blured-vert.txt" />
  </ItemGroup>
</Project>